// !$*UTF8*$!
{
	archiveVersion = 1;
	classes = {
	};
	objectVersion = 50;
	objects = {

/* Begin PBXBuildFile section */
		A4B7691D2874476E005DAC2F /* AppDelegate.swift in Sources */ = {isa = PBXBuildFile; fileRef = A4B7691C2874476E005DAC2F /* AppDelegate.swift */; };
		A4B7691F2874476E005DAC2F /* SceneDelegate.swift in Sources */ = {isa = PBXBuildFile; fileRef = A4B7691E2874476E005DAC2F /* SceneDelegate.swift */; };
		A4B769212874476E005DAC2F /* ViewController.swift in Sources */ = {isa = PBXBuildFile; fileRef = A4B769202874476E005DAC2F /* ViewController.swift */; };
		A4B769242874476E005DAC2F /* Main.storyboard in Resources */ = {isa = PBXBuildFile; fileRef = A4B769222874476E005DAC2F /* Main.storyboard */; };
		A4B769262874477A005DAC2F /* Assets.xcassets in Resources */ = {isa = PBXBuildFile; fileRef = A4B769252874477A005DAC2F /* Assets.xcassets */; };
		A4B769292874477A005DAC2F /* LaunchScreen.storyboard in Resources */ = {isa = PBXBuildFile; fileRef = A4B769272874477A005DAC2F /* LaunchScreen.storyboard */; };
		A4B769322874650A005DAC2F /* PriceVC.swift in Sources */ = {isa = PBXBuildFile; fileRef = A4B769312874650A005DAC2F /* PriceVC.swift */; };
		A4B769382875634F005DAC2F /* APIHelper.swift in Sources */ = {isa = PBXBuildFile; fileRef = A4B769372875634F005DAC2F /* APIHelper.swift */; };
		A4B7693F2876DC20005DAC2F /* Extntion.swift in Sources */ = {isa = PBXBuildFile; fileRef = A4B7693E2876DC20005DAC2F /* Extntion.swift */; };
		A4B7694228782540005DAC2F /* DrinkDetailVC.swift in Sources */ = {isa = PBXBuildFile; fileRef = A4B7694128782540005DAC2F /* DrinkDetailVC.swift */; };
/* End PBXBuildFile section */

/* Begin PBXFileReference section */
		A4B769192874476E005DAC2F /* KebukeApp.app */ = {isa = PBXFileReference; explicitFileType = wrapper.application; includeInIndex = 0; path = KebukeApp.app; sourceTree = BUILT_PRODUCTS_DIR; };
		A4B7691C2874476E005DAC2F /* AppDelegate.swift */ = {isa = PBXFileReference; lastKnownFileType = sourcecode.swift; path = AppDelegate.swift; sourceTree = "<group>"; };
		A4B7691E2874476E005DAC2F /* SceneDelegate.swift */ = {isa = PBXFileReference; lastKnownFileType = sourcecode.swift; path = SceneDelegate.swift; sourceTree = "<group>"; };
		A4B769202874476E005DAC2F /* ViewController.swift */ = {isa = PBXFileReference; lastKnownFileType = sourcecode.swift; path = ViewController.swift; sourceTree = "<group>"; };
		A4B769232874476E005DAC2F /* Base */ = {isa = PBXFileReference; lastKnownFileType = file.storyboard; name = Base; path = Base.lproj/Main.storyboard; sourceTree = "<group>"; };
		A4B769252874477A005DAC2F /* Assets.xcassets */ = {isa = PBXFileReference; lastKnownFileType = folder.assetcatalog; path = Assets.xcassets; sourceTree = "<group>"; };
		A4B769282874477A005DAC2F /* Base */ = {isa = PBXFileReference; lastKnownFileType = file.storyboard; name = Base; path = Base.lproj/LaunchScreen.storyboard; sourceTree = "<group>"; };
		A4B7692A2874477A005DAC2F /* Info.plist */ = {isa = PBXFileReference; lastKnownFileType = text.plist.xml; path = Info.plist; sourceTree = "<group>"; };
		A4B769312874650A005DAC2F /* PriceVC.swift */ = {isa = PBXFileReference; lastKnownFileType = sourcecode.swift; path = PriceVC.swift; sourceTree = "<group>"; };
		A4B769372875634F005DAC2F /* APIHelper.swift */ = {isa = PBXFileReference; lastKnownFileType = sourcecode.swift; path = APIHelper.swift; sourceTree = "<group>"; };
		A4B7693E2876DC20005DAC2F /* Extntion.swift */ = {isa = PBXFileReference; lastKnownFileType = sourcecode.swift; path = Extntion.swift; sourceTree = "<group>"; };
		A4B7694128782540005DAC2F /* DrinkDetailVC.swift */ = {isa = PBXFileReference; lastKnownFileType = sourcecode.swift; path = DrinkDetailVC.swift; sourceTree = "<group>"; };
/* End PBXFileReference section */

/* Begin PBXFrameworksBuildPhase section */
		A4B769162874476E005DAC2F /* Frameworks */ = {
			isa = PBXFrameworksBuildPhase;
			buildActionMask = 2147483647;
			files = (
			);
			runOnlyForDeploymentPostprocessing = 0;
		};
/* End PBXFrameworksBuildPhase section */

/* Begin PBXGroup section */
		A4B769102874476E005DAC2F = {
			isa = PBXGroup;
			children = (
				A4B7691B2874476E005DAC2F /* KebukeApp */,
				A4B7691A2874476E005DAC2F /* Products */,
			);
			sourceTree = "<group>";
		};
		A4B7691A2874476E005DAC2F /* Products */ = {
			isa = PBXGroup;
			children = (
				A4B769192874476E005DAC2F /* KebukeApp.app */,
			);
			name = Products;
			sourceTree = "<group>";
		};
		A4B7691B2874476E005DAC2F /* KebukeApp */ = {
			isa = PBXGroup;
			children = (
				A4B7691C2874476E005DAC2F /* AppDelegate.swift */,
				A4B7691E2874476E005DAC2F /* SceneDelegate.swift */,
				A4B769202874476E005DAC2F /* ViewController.swift */,
				A4B769222874476E005DAC2F /* Main.storyboard */,
				A4B769252874477A005DAC2F /* Assets.xcassets */,
				A4B769272874477A005DAC2F /* LaunchScreen.storyboard */,
				A4B7692A2874477A005DAC2F /* Info.plist */,
				A4B769312874650A005DAC2F /* PriceVC.swift */,
				A4B769372875634F005DAC2F /* APIHelper.swift */,
				A4B7693E2876DC20005DAC2F /* Extntion.swift */,
				A4B7694128782540005DAC2F /* DrinkDetailVC.swift */,
			);
			path = KebukeApp;
			sourceTree = "<group>";
		};
/* End PBXGroup section */

/* Begin PBXNativeTarget section */
		A4B769182874476E005DAC2F /* KebukeApp */ = {
			isa = PBXNativeTarget;
			buildConfigurationList = A4B7692D2874477A005DAC2F /* Build configuration list for PBXNativeTarget "KebukeApp" */;
			buildPhases = (
				A4B769152874476E005DAC2F /* Sources */,
				A4B769162874476E005DAC2F /* Frameworks */,
				A4B769172874476E005DAC2F /* Resources */,
			);
			buildRules = (
			);
			dependencies = (
			);
			name = KebukeApp;
			productName = KebukeApp;
			productReference = A4B769192874476E005DAC2F /* KebukeApp.app */;
			productType = "com.apple.product-type.application";
		};
/* End PBXNativeTarget section */

/* Begin PBXProject section */
		A4B769112874476E005DAC2F /* Project object */ = {
			isa = PBXProject;
			attributes = {
				LastSwiftUpdateCheck = 1240;
				LastUpgradeCheck = 1240;
				TargetAttributes = {
					A4B769182874476E005DAC2F = {
						CreatedOnToolsVersion = 12.4;
					};
				};
			};
			buildConfigurationList = A4B769142874476E005DAC2F /* Build configuration list for PBXProject "KebukeApp" */;
			compatibilityVersion = "Xcode 9.3";
			developmentRegion = en;
			hasScannedForEncodings = 0;
			knownRegions = (
				en,
				Base,
			);
			mainGroup = A4B769102874476E005DAC2F;
			productRefGroup = A4B7691A2874476E005DAC2F /* Products */;
			projectDirPath = "";
			projectRoot = "";
			targets = (
				A4B769182874476E005DAC2F /* KebukeApp */,
			);
		};
/* End PBXProject section */

/* Begin PBXResourcesBuildPhase section */
		A4B769172874476E005DAC2F /* Resources */ = {
			isa = PBXResourcesBuildPhase;
			buildActionMask = 2147483647;
			files = (
				A4B769292874477A005DAC2F /* LaunchScreen.storyboard in Resources */,
				A4B769262874477A005DAC2F /* Assets.xcassets in Resources */,
				A4B769242874476E005DAC2F /* Main.storyboard in Resources */,
			);
			runOnlyForDeploymentPostprocessing = 0;
		};
/* End PBXResourcesBuildPhase section */

/* Begin PBXSourcesBuildPhase section */
		A4B769152874476E005DAC2F /* Sources */ = {
			isa = PBXSourcesBuildPhase;
			buildActionMask = 2147483647;
			files = (
				A4B769322874650A005DAC2F /* PriceVC.swift in Sources */,
				A4B769212874476E005DAC2F /* ViewController.swift in Sources */,
				A4B7694228782540005DAC2F /* DrinkDetailVC.swift in Sources */,
				A4B7691D2874476E005DAC2F /* AppDelegate.swift in Sources */,
				A4B769382875634F005DAC2F /* APIHelper.swift in Sources */,
				A4B7693F2876DC20005DAC2F /* Extntion.swift in Sources */,
				A4B7691F2874476E005DAC2F /* SceneDelegate.swift in Sources */,
			);
			runOnlyForDeploymentPostprocessing = 0;
		};
/* End PBXSourcesBuildPhase section */

/* Begin PBXVariantGroup section */
		A4B769222874476E005DAC2F /* Main.storyboard */ = {
			isa = PBXVariantGroup;
			children = (
				A4B769232874476E005DAC2F /* Base */,
			);
			name = Main.storyboard;
			sourceTree = "<group>";
		};
		A4B769272874477A005DAC2F /* LaunchScreen.storyboard */ = {
			isa = PBXVariantGroup;
			children = (
				A4B769282874477A005DAC2F /* Base */,
			);
			name = LaunchScreen.storyboard;
			sourceTree = "<group>";
		};
/* End PBXVariantGroup section */

/* Begin XCBuildConfiguration section */
		A4B7692B2874477A005DAC2F /* Debug */ = {
			isa = XCBuildConfiguration;
			buildSettings = {
				ALWAYS_SEARCH_USER_PATHS = NO;
				CLANG_ANALYZER_NONNULL = YES;
				CLANG_ANALYZER_NUMBER_OBJECT_CONVERSION = YES_AGGRESSIVE;
				CLANG_CXX_LANGUAGE_STANDARD = "gnu++14";
				CLANG_CXX_LIBRARY = "libc++";
				CLANG_ENABLE_MODULES = YES;
				CLANG_ENABLE_OBJC_ARC = YES;
				CLANG_ENABLE_OBJC_WEAK = YES;
				CLANG_WARN_BLOCK_CAPTURE_AUTORELEASING = YES;
				CLANG_WARN_BOOL_CONVERSION = YES;
				CLANG_WARN_COMMA = YES;
				CLANG_WARN_CONSTANT_CONVERSION = YES;
				CLANG_WARN_DEPRECATED_OBJC_IMPLEMENTATIONS = YES;
				CLANG_WARN_DIRECT_OBJC_ISA_USAGE = YES_ERROR;
				CLANG_WARN_DOCUMENTATION_COMMENTS = YES;
				CLANG_WARN_EMPTY_BODY = YES;
				CLANG_WARN_ENUM_CONVERSION = YES;
				CLANG_WARN_INFINITE_RECURSION = YES;
				CLANG_WARN_INT_CONVERSION = YES;
				CLANG_WARN_NON_LITERAL_NULL_CONVERSION = YES;
				CLANG_WARN_OBJC_IMPLICIT_RETAIN_SELF = YES;
				CLANG_WARN_OBJC_LITERAL_CONVERSION = YES;
				CLANG_WARN_OBJC_ROOT_CLASS = YES_ERROR;
				CLANG_WARN_QUOTED_INCLUDE_IN_FRAMEWORK_HEADER = YES;
				CLANG_WARN_RANGE_LOOP_ANALYSIS = YES;
				CLANG_WARN_STRICT_PROTOTYPES = YES;
				CLANG_WARN_SUSPICIOUS_MOVE = YES;
				CLANG_WARN_UNGUARDED_AVAILABILITY = YES_AGGRESSIVE;
				CLANG_WARN_UNREACHABLE_CODE = YES;
				CLANG_WARN__DUPLICATE_METHOD_MATCH = YES;
				COPY_PHASE_STRIP = NO;
				DEBUG_INFORMATION_FORMAT = dwarf;
				ENABLE_STRICT_OBJC_MSGSEND = YES;
				ENABLE_TESTABILITY = YES;
				GCC_C_LANGUAGE_STANDARD = gnu11;
				GCC_DYNAMIC_NO_PIC = NO;
				GCC_NO_COMMON_BLOCKS = YES;
				GCC_OPTIMIZATION_LEVEL = 0;
				GCC_PREPROCESSOR_DEFINITIONS = (
					"DEBUG=1",
					"$(inherited)",
				);
				GCC_WARN_64_TO_32_BIT_CONVERSION = YES;
				GCC_WARN_ABOUT_RETURN_TYPE = YES_ERROR;
				GCC_WARN_UNDECLARED_SELECTOR = YES;
				GCC_WARN_UNINITIALIZED_AUTOS = YES_AGGRESSIVE;
				GCC_WARN_UNUSED_FUNCTION = YES;
				GCC_WARN_UNUSED_VARIABLE = YES;
				IPHONEOS_DEPLOYMENT_TARGET = 14.4;
				MTL_ENABLE_DEBUG_INFO = INCLUDE_SOURCE;
				MTL_FAST_MATH = YES;
				ONLY_ACTIVE_ARCH = YES;
				SDKROOT = iphoneos;
				SWIFT_ACTIVE_COMPILATION_CONDITIONS = DEBUG;
				SWIFT_OPTIMIZATION_LEVEL = "-Onone";
			};
			name = Debug;
		};
		A4B7692C2874477A005DAC2F /* Release */ = {
			isa = XCBuildConfiguration;
			buildSettings = {
				ALWAYS_SEARCH_USER_PATHS = NO;
				CLANG_ANALYZER_NONNULL = YES;
				CLANG_ANALYZER_NUMBER_OBJECT_CONVERSION = YES_AGGRESSIVE;
				CLANG_CXX_LANGUAGE_STANDARD = "gnu++14";
				CLANG_CXX_LIBRARY = "libc++";
				CLANG_ENABLE_MODULES = YES;
				CLANG_ENABLE_OBJC_ARC = YES;
				CLANG_ENABLE_OBJC_WEAK = YES;
				CLANG_WARN_BLOCK_CAPTURE_AUTORELEASING = YES;
				CLANG_WARN_BOOL_CONVERSION = YES;
				CLANG_WARN_COMMA = YES;
				CLANG_WARN_CONSTANT_CONVERSION = YES;
				CLANG_WARN_DEPRECATED_OBJC_IMPLEMENTATIONS = YES;
				CLANG_WARN_DIRECT_OBJC_ISA_USAGE = YES_ERROR;
				CLANG_WARN_DOCUMENTATION_COMMENTS = YES;
				CLANG_WARN_EMPTY_BODY = YES;
				CLANG_WARN_ENUM_CONVERSION = YES;
				CLANG_WARN_INFINITE_RECURSION = YES;
				CLANG_WARN_INT_CONVERSION = YES;
				CLANG_WARN_NON_LITERAL_NULL_CONVERSION = YES;
				CLANG_WARN_OBJC_IMPLICIT_RETAIN_SELF = YES;
				CLANG_WARN_OBJC_LITERAL_CONVERSION = YES;
				CLANG_WARN_OBJC_ROOT_CLASS = YES_ERROR;
				CLANG_WARN_QUOTED_INCLUDE_IN_FRAMEWORK_HEADER = YES;
				CLANG_WARN_RANGE_LOOP_ANALYSIS = YES;
				CLANG_WARN_STRICT_PROTOTYPES = YES;
				CLANG_WARN_SUSPICIOUS_MOVE = YES;
				CLANG_WARN_UNGUARDED_AVAILABILITY = YES_AGGRESSIVE;
				CLANG_WARN_UNREACHABLE_CODE = YES;
				CLANG_WARN__DUPLICATE_METHOD_MATCH = YES;
				COPY_PHASE_STRIP = NO;
				DEBUG_INFORMATION_FORMAT = "dwarf-with-dsym";
				ENABLE_NS_ASSERTIONS = NO;
				ENABLE_STRICT_OBJC_MSGSEND = YES;
				GCC_C_LANGUAGE_STANDARD = gnu11;
				GCC_NO_COMMON_BLOCKS = YES;
				GCC_WARN_64_TO_32_BIT_CONVERSION = YES;
				GCC_WARN_ABOUT_RETURN_TYPE = YES_ERROR;
				GCC_WARN_UNDECLARED_SELECTOR = YES;
				GCC_WARN_UNINITIALIZED_AUTOS = YES_AGGRESSIVE;
				GCC_WARN_UNUSED_FUNCTION = YES;
				GCC_WARN_UNUSED_VARIABLE = YES;
				IPHONEOS_DEPLOYMENT_TARGET = 14.4;
				MTL_ENABLE_DEBUG_INFO = NO;
				MTL_FAST_MATH = YES;
				SDKROOT = iphoneos;
				SWIFT_COMPILATION_MODE = wholemodule;
				SWIFT_OPTIMIZATION_LEVEL = "-O";
				VALIDATE_PRODUCT = YES;
			};
			name = Release;
		};
		A4B7692E2874477A005DAC2F /* Debug */ = {
			isa = XCBuildConfiguration;
			buildSettings = {
				ASSETCATALOG_COMPILER_APPICON_NAME = AppIcon;
				ASSETCATALOG_COMPILER_GLOBAL_ACCENT_COLOR_NAME = AccentColor;
				CODE_SIGN_STYLE = Automatic;
				DEVELOPMENT_TEAM = 6XN86ULSW8;
				INFOPLIST_FILE = KebukeApp/Info.plist;
				LD_RUNPATH_SEARCH_PATHS = (
					"$(inherited)",
					"@executable_path/Frameworks",
				);
				PRODUCT_BUNDLE_IDENTIFIER = sara.KebukeApp;
				PRODUCT_NAME = "$(TARGET_NAME)";
				SWIFT_VERSION = 5.0;
				TARGETED_DEVICE_FAMILY = "1,2";
			};
			name = Debug;
		};
		A4B7692F2874477A005DAC2F /* Release */ = {
			isa = XCBuildConfiguration;
			buildSettings = {
				ASSETCATALOG_COMPILER_APPICON_NAME = AppIcon;
				ASSETCATALOG_COMPILER_GLOBAL_ACCENT_COLOR_NAME = AccentColor;
				CODE_SIGN_STYLE = Automatic;
				DEVELOPMENT_TEAM = 6XN86ULSW8;
				INFOPLIST_FILE = KebukeApp/Info.plist;
				LD_RUNPATH_SEARCH_PATHS = (
					"$(inherited)",
					"@executable_path/Frameworks",
				);
				PRODUCT_BUNDLE_IDENTIFIER = sara.KebukeApp;
				PRODUCT_NAME = "$(TARGET_NAME)";
				SWIFT_VERSION = 5.0;
				TARGETED_DEVICE_FAMILY = "1,2";
			};
			name = Release;
		};
/* End XCBuildConfiguration section */

/* Begin XCConfigurationList section */
		A4B769142874476E005DAC2F /* Build configuration list for PBXProject "KebukeApp" */ = {
			isa = XCConfigurationList;
			buildConfigurations = (
				A4B7692B2874477A005DAC2F /* Debug */,
				A4B7692C2874477A005DAC2F /* Release */,
			);
			defaultConfigurationIsVisible = 0;
			defaultConfigurationName = Release;
		};
		A4B7692D2874477A005DAC2F /* Build configuration list for PBXNativeTarget "KebukeApp" */ = {
			isa = XCConfigurationList;
			buildConfigurations = (
				A4B7692E2874477A005DAC2F /* Debug */,
				A4B7692F2874477A005DAC2F /* Release */,
			);
			defaultConfigurationIsVisible = 0;
			defaultConfigurationName = Release;
		};
/* End XCConfigurationList section */
	};
	rootObject = A4B769112874476E005DAC2F /* Project object */;
}
